// !$*UTF8*$!
{
	archiveVersion = 1;
	classes = {
	};
	objectVersion = 50;
	objects = {

/* Begin PBXBuildFile section */
		01D5FD3C20F3DD0B00BD4275 /* LoginViewController.m in Sources */ = {isa = PBXBuildFile; fileRef = 01D5FD3920F3DD0A00BD4275 /* LoginViewController.m */; };
		01D5FD3D20F3DD0B00BD4275 /* ChatViewController.m in Sources */ = {isa = PBXBuildFile; fileRef = 01D5FD3A20F3DD0A00BD4275 /* ChatViewController.m */; };
		01E00E9920F3DC4800199AF6 /* ChatCell.m in Sources */ = {isa = PBXBuildFile; fileRef = 01E00E9820F3DC4800199AF6 /* ChatCell.m */; };
		01F5CBBC20F3CFE8002F627A /* AppDelegate.m in Sources */ = {isa = PBXBuildFile; fileRef = 01F5CBBB20F3CFE8002F627A /* AppDelegate.m */; };
		01F5CBC220F3CFE8002F627A /* Main.storyboard in Resources */ = {isa = PBXBuildFile; fileRef = 01F5CBC020F3CFE8002F627A /* Main.storyboard */; };
		01F5CBC420F3CFE8002F627A /* Assets.xcassets in Resources */ = {isa = PBXBuildFile; fileRef = 01F5CBC320F3CFE8002F627A /* Assets.xcassets */; };
		01F5CBC720F3CFE8002F627A /* LaunchScreen.storyboard in Resources */ = {isa = PBXBuildFile; fileRef = 01F5CBC520F3CFE8002F627A /* LaunchScreen.storyboard */; };
		01F5CBCA20F3CFE8002F627A /* main.m in Sources */ = {isa = PBXBuildFile; fileRef = 01F5CBC920F3CFE8002F627A /* main.m */; };
		C53EEB01212D5F84080149F0 /* libPods-Parse Chat.a in Frameworks */ = {isa = PBXBuildFile; fileRef = 3FE0D38F54B11BA68FDBAF0C /* libPods-Parse Chat.a */; };
/* End PBXBuildFile section */

/* Begin PBXFileReference section */
		01D5FD3820F3DD0A00BD4275 /* ChatViewController.h */ = {isa = PBXFileReference; fileEncoding = 4; lastKnownFileType = sourcecode.c.h; name = ChatViewController.h; path = "View Controllers/ChatViewController.h"; sourceTree = "<group>"; };
		01D5FD3920F3DD0A00BD4275 /* LoginViewController.m */ = {isa = PBXFileReference; fileEncoding = 4; lastKnownFileType = sourcecode.c.objc; name = LoginViewController.m; path = "View Controllers/LoginViewController.m"; sourceTree = "<group>"; };
		01D5FD3A20F3DD0A00BD4275 /* ChatViewController.m */ = {isa = PBXFileReference; fileEncoding = 4; lastKnownFileType = sourcecode.c.objc; name = ChatViewController.m; path = "View Controllers/ChatViewController.m"; sourceTree = "<group>"; };
		01D5FD3B20F3DD0A00BD4275 /* LoginViewController.h */ = {isa = PBXFileReference; fileEncoding = 4; lastKnownFileType = sourcecode.c.h; name = LoginViewController.h; path = "View Controllers/LoginViewController.h"; sourceTree = "<group>"; };
		01E00E9720F3DC4800199AF6 /* ChatCell.h */ = {isa = PBXFileReference; lastKnownFileType = sourcecode.c.h; name = ChatCell.h; path = Views/ChatCell.h; sourceTree = "<group>"; };
		01E00E9820F3DC4800199AF6 /* ChatCell.m */ = {isa = PBXFileReference; lastKnownFileType = sourcecode.c.objc; name = ChatCell.m; path = Views/ChatCell.m; sourceTree = "<group>"; };
		01F5CBB720F3CFE8002F627A /* Parse Chat.app */ = {isa = PBXFileReference; explicitFileType = wrapper.application; includeInIndex = 0; path = "Parse Chat.app"; sourceTree = BUILT_PRODUCTS_DIR; };
		01F5CBBA20F3CFE8002F627A /* AppDelegate.h */ = {isa = PBXFileReference; lastKnownFileType = sourcecode.c.h; path = AppDelegate.h; sourceTree = "<group>"; };
		01F5CBBB20F3CFE8002F627A /* AppDelegate.m */ = {isa = PBXFileReference; lastKnownFileType = sourcecode.c.objc; path = AppDelegate.m; sourceTree = "<group>"; };
		01F5CBC120F3CFE8002F627A /* Base */ = {isa = PBXFileReference; lastKnownFileType = file.storyboard; name = Base; path = Base.lproj/Main.storyboard; sourceTree = "<group>"; };
		01F5CBC320F3CFE8002F627A /* Assets.xcassets */ = {isa = PBXFileReference; lastKnownFileType = folder.assetcatalog; path = Assets.xcassets; sourceTree = "<group>"; };
		01F5CBC620F3CFE8002F627A /* Base */ = {isa = PBXFileReference; lastKnownFileType = file.storyboard; name = Base; path = Base.lproj/LaunchScreen.storyboard; sourceTree = "<group>"; };
		01F5CBC820F3CFE8002F627A /* Info.plist */ = {isa = PBXFileReference; lastKnownFileType = text.plist.xml; path = Info.plist; sourceTree = "<group>"; };
		01F5CBC920F3CFE8002F627A /* main.m */ = {isa = PBXFileReference; lastKnownFileType = sourcecode.c.objc; path = main.m; sourceTree = "<group>"; };
		3FE0D38F54B11BA68FDBAF0C /* libPods-Parse Chat.a */ = {isa = PBXFileReference; explicitFileType = archive.ar; includeInIndex = 0; path = "libPods-Parse Chat.a"; sourceTree = BUILT_PRODUCTS_DIR; };
		A8645E29DE5B011B600F813D /* Pods-Parse Chat.debug.xcconfig */ = {isa = PBXFileReference; includeInIndex = 1; lastKnownFileType = text.xcconfig; name = "Pods-Parse Chat.debug.xcconfig"; path = "Pods/Target Support Files/Pods-Parse Chat/Pods-Parse Chat.debug.xcconfig"; sourceTree = "<group>"; };
		BD5997DC85EDE34F88A8CAEB /* Pods-Parse Chat.release.xcconfig */ = {isa = PBXFileReference; includeInIndex = 1; lastKnownFileType = text.xcconfig; name = "Pods-Parse Chat.release.xcconfig"; path = "Pods/Target Support Files/Pods-Parse Chat/Pods-Parse Chat.release.xcconfig"; sourceTree = "<group>"; };
/* End PBXFileReference section */

/* Begin PBXFrameworksBuildPhase section */
		01F5CBB420F3CFE8002F627A /* Frameworks */ = {
			isa = PBXFrameworksBuildPhase;
			buildActionMask = 2147483647;
			files = (
				C53EEB01212D5F84080149F0 /* libPods-Parse Chat.a in Frameworks */,
			);
			runOnlyForDeploymentPostprocessing = 0;
		};
/* End PBXFrameworksBuildPhase section */

/* Begin PBXGroup section */
		01F5CBAE20F3CFE8002F627A = {
			isa = PBXGroup;
			children = (
				01F5CBB920F3CFE8002F627A /* Parse Chat */,
				01F5CBB820F3CFE8002F627A /* Products */,
				4F23B403D3696C06AFB2166D /* Pods */,
				DAC515BA8BD469B65FAB9356 /* Frameworks */,
			);
			sourceTree = "<group>";
		};
		01F5CBB820F3CFE8002F627A /* Products */ = {
			isa = PBXGroup;
			children = (
				01F5CBB720F3CFE8002F627A /* Parse Chat.app */,
			);
			name = Products;
			sourceTree = "<group>";
		};
		01F5CBB920F3CFE8002F627A /* Parse Chat */ = {
			isa = PBXGroup;
			children = (
				01D5FD3820F3DD0A00BD4275 /* ChatViewController.h */,
				01D5FD3A20F3DD0A00BD4275 /* ChatViewController.m */,
				01D5FD3B20F3DD0A00BD4275 /* LoginViewController.h */,
				01D5FD3920F3DD0A00BD4275 /* LoginViewController.m */,
				01F5CBBA20F3CFE8002F627A /* AppDelegate.h */,
				01F5CBBB20F3CFE8002F627A /* AppDelegate.m */,
				01F5CBC020F3CFE8002F627A /* Main.storyboard */,
				01F5CBC320F3CFE8002F627A /* Assets.xcassets */,
				01F5CBC520F3CFE8002F627A /* LaunchScreen.storyboard */,
				01F5CBC820F3CFE8002F627A /* Info.plist */,
				01F5CBC920F3CFE8002F627A /* main.m */,
				01E00E9720F3DC4800199AF6 /* ChatCell.h */,
				01E00E9820F3DC4800199AF6 /* ChatCell.m */,
			);
			path = "Parse Chat";
			sourceTree = "<group>";
		};
		4F23B403D3696C06AFB2166D /* Pods */ = {
			isa = PBXGroup;
			children = (
				A8645E29DE5B011B600F813D /* Pods-Parse Chat.debug.xcconfig */,
				BD5997DC85EDE34F88A8CAEB /* Pods-Parse Chat.release.xcconfig */,
			);
			name = Pods;
			sourceTree = "<group>";
		};
		DAC515BA8BD469B65FAB9356 /* Frameworks */ = {
			isa = PBXGroup;
			children = (
				3FE0D38F54B11BA68FDBAF0C /* libPods-Parse Chat.a */,
			);
			name = Frameworks;
			sourceTree = "<group>";
		};
/* End PBXGroup section */

/* Begin PBXNativeTarget section */
		01F5CBB620F3CFE8002F627A /* Parse Chat */ = {
			isa = PBXNativeTarget;
			buildConfigurationList = 01F5CBCD20F3CFE8002F627A /* Build configuration list for PBXNativeTarget "Parse Chat" */;
			buildPhases = (
				FE06FCA020FE4D1BCD267D26 /* [CP] Check Pods Manifest.lock */,
				01F5CBB320F3CFE8002F627A /* Sources */,
				01F5CBB420F3CFE8002F627A /* Frameworks */,
				01F5CBB520F3CFE8002F627A /* Resources */,
				E93F5F6A895C20276F787F76 /* [CP] Copy Pods Resources */,
			);
			buildRules = (
			);
			dependencies = (
			);
			name = "Parse Chat";
			productName = "Parse Chat";
			productReference = 01F5CBB720F3CFE8002F627A /* Parse Chat.app */;
			productType = "com.apple.product-type.application";
		};
/* End PBXNativeTarget section */

/* Begin PBXProject section */
		01F5CBAF20F3CFE8002F627A /* Project object */ = {
			isa = PBXProject;
			attributes = {
				LastUpgradeCheck = 0940;
				ORGANIZATIONNAME = "Bevin Benson";
				TargetAttributes = {
					01F5CBB620F3CFE8002F627A = {
						CreatedOnToolsVersion = 9.4.1;
					};
				};
			};
			buildConfigurationList = 01F5CBB220F3CFE8002F627A /* Build configuration list for PBXProject "Parse Chat" */;
			compatibilityVersion = "Xcode 9.3";
			developmentRegion = en;
			hasScannedForEncodings = 0;
			knownRegions = (
				en,
				Base,
			);
			mainGroup = 01F5CBAE20F3CFE8002F627A;
			productRefGroup = 01F5CBB820F3CFE8002F627A /* Products */;
			projectDirPath = "";
			projectRoot = "";
			targets = (
				01F5CBB620F3CFE8002F627A /* Parse Chat */,
			);
		};
/* End PBXProject section */

/* Begin PBXResourcesBuildPhase section */
		01F5CBB520F3CFE8002F627A /* Resources */ = {
			isa = PBXResourcesBuildPhase;
			buildActionMask = 2147483647;
			files = (
				01F5CBC720F3CFE8002F627A /* LaunchScreen.storyboard in Resources */,
				01F5CBC420F3CFE8002F627A /* Assets.xcassets in Resources */,
				01F5CBC220F3CFE8002F627A /* Main.storyboard in Resources */,
			);
			runOnlyForDeploymentPostprocessing = 0;
		};
/* End PBXResourcesBuildPhase section */

/* Begin PBXShellScriptBuildPhase section */
		E93F5F6A895C20276F787F76 /* [CP] Copy Pods Resources */ = {
			isa = PBXShellScriptBuildPhase;
			buildActionMask = 2147483647;
			files = (
			);
			inputPaths = (
				"${SRCROOT}/Pods/Target Support Files/Pods-Parse Chat/Pods-Parse Chat-resources.sh",
				"${PODS_CONFIGURATION_BUILD_DIR}/Parse/Parse.bundle",
			);
			name = "[CP] Copy Pods Resources";
			outputPaths = (
				"${TARGET_BUILD_DIR}/${UNLOCALIZED_RESOURCES_FOLDER_PATH}/Parse.bundle",
			);
			runOnlyForDeploymentPostprocessing = 0;
			shellPath = /bin/sh;
			shellScript = "\"${SRCROOT}/Pods/Target Support Files/Pods-Parse Chat/Pods-Parse Chat-resources.sh\"\n";
			showEnvVarsInLog = 0;
		};
		FE06FCA020FE4D1BCD267D26 /* [CP] Check Pods Manifest.lock */ = {
			isa = PBXShellScriptBuildPhase;
			buildActionMask = 2147483647;
			files = (
			);
			inputPaths = (
				"${PODS_PODFILE_DIR_PATH}/Podfile.lock",
				"${PODS_ROOT}/Manifest.lock",
			);
			name = "[CP] Check Pods Manifest.lock";
			outputPaths = (
				"$(DERIVED_FILE_DIR)/Pods-Parse Chat-checkManifestLockResult.txt",
			);
			runOnlyForDeploymentPostprocessing = 0;
			shellPath = /bin/sh;
			shellScript = "diff \"${PODS_PODFILE_DIR_PATH}/Podfile.lock\" \"${PODS_ROOT}/Manifest.lock\" > /dev/null\nif [ $? != 0 ] ; then\n    # print error to STDERR\n    echo \"error: The sandbox is not in sync with the Podfile.lock. Run 'pod install' or update your CocoaPods installation.\" >&2\n    exit 1\nfi\n# This output is used by Xcode 'outputs' to avoid re-running this script phase.\necho \"SUCCESS\" > \"${SCRIPT_OUTPUT_FILE_0}\"\n";
			showEnvVarsInLog = 0;
		};
/* End PBXShellScriptBuildPhase section */

/* Begin PBXSourcesBuildPhase section */
		01F5CBB320F3CFE8002F627A /* Sources */ = {
			isa = PBXSourcesBuildPhase;
			buildActionMask = 2147483647;
			files = (
				01D5FD3C20F3DD0B00BD4275 /* LoginViewController.m in Sources */,
				01F5CBCA20F3CFE8002F627A /* main.m in Sources */,
				01D5FD3D20F3DD0B00BD4275 /* ChatViewController.m in Sources */,
				01E00E9920F3DC4800199AF6 /* ChatCell.m in Sources */,
				01F5CBBC20F3CFE8002F627A /* AppDelegate.m in Sources */,
			);
			runOnlyForDeploymentPostprocessing = 0;
		};
/* End PBXSourcesBuildPhase section */

/* Begin PBXVariantGroup section */
		01F5CBC020F3CFE8002F627A /* Main.storyboard */ = {
			isa = PBXVariantGroup;
			children = (
				01F5CBC120F3CFE8002F627A /* Base */,
			);
			name = Main.storyboard;
			sourceTree = "<group>";
		};
		01F5CBC520F3CFE8002F627A /* LaunchScreen.storyboard */ = {
			isa = PBXVariantGroup;
			children = (
				01F5CBC620F3CFE8002F627A /* Base */,
			);
			name = LaunchScreen.storyboard;
			sourceTree = "<group>";
		};
/* End PBXVariantGroup section */

/* Begin XCBuildConfiguration section */
		01F5CBCB20F3CFE8002F627A /* Debug */ = {
			isa = XCBuildConfiguration;
			buildSettings = {
				ALWAYS_SEARCH_USER_PATHS = NO;
				CLANG_ANALYZER_NONNULL = YES;
				CLANG_ANALYZER_NUMBER_OBJECT_CONVERSION = YES_AGGRESSIVE;
				CLANG_CXX_LANGUAGE_STANDARD = "gnu++14";
				CLANG_CXX_LIBRARY = "libc++";
				CLANG_ENABLE_MODULES = YES;
				CLANG_ENABLE_OBJC_ARC = YES;
				CLANG_ENABLE_OBJC_WEAK = YES;
				CLANG_WARN_BLOCK_CAPTURE_AUTORELEASING = YES;
				CLANG_WARN_BOOL_CONVERSION = YES;
				CLANG_WARN_COMMA = YES;
				CLANG_WARN_CONSTANT_CONVERSION = YES;
				CLANG_WARN_DEPRECATED_OBJC_IMPLEMENTATIONS = YES;
				CLANG_WARN_DIRECT_OBJC_ISA_USAGE = YES_ERROR;
				CLANG_WARN_DOCUMENTATION_COMMENTS = YES;
				CLANG_WARN_EMPTY_BODY = YES;
				CLANG_WARN_ENUM_CONVERSION = YES;
				CLANG_WARN_INFINITE_RECURSION = YES;
				CLANG_WARN_INT_CONVERSION = YES;
				CLANG_WARN_NON_LITERAL_NULL_CONVERSION = YES;
				CLANG_WARN_OBJC_IMPLICIT_RETAIN_SELF = YES;
				CLANG_WARN_OBJC_LITERAL_CONVERSION = YES;
				CLANG_WARN_OBJC_ROOT_CLASS = YES_ERROR;
				CLANG_WARN_RANGE_LOOP_ANALYSIS = YES;
				CLANG_WARN_STRICT_PROTOTYPES = YES;
				CLANG_WARN_SUSPICIOUS_MOVE = YES;
				CLANG_WARN_UNGUARDED_AVAILABILITY = YES_AGGRESSIVE;
				CLANG_WARN_UNREACHABLE_CODE = YES;
				CLANG_WARN__DUPLICATE_METHOD_MATCH = YES;
				CODE_SIGN_IDENTITY = "iPhone Developer";
				COPY_PHASE_STRIP = NO;
				DEBUG_INFORMATION_FORMAT = dwarf;
				ENABLE_STRICT_OBJC_MSGSEND = YES;
				ENABLE_TESTABILITY = YES;
				GCC_C_LANGUAGE_STANDARD = gnu11;
				GCC_DYNAMIC_NO_PIC = NO;
				GCC_NO_COMMON_BLOCKS = YES;
				GCC_OPTIMIZATION_LEVEL = 0;
				GCC_PREPROCESSOR_DEFINITIONS = (
					"DEBUG=1",
					"$(inherited)",
				);
				GCC_WARN_64_TO_32_BIT_CONVERSION = YES;
				GCC_WARN_ABOUT_RETURN_TYPE = YES_ERROR;
				GCC_WARN_UNDECLARED_SELECTOR = YES;
				GCC_WARN_UNINITIALIZED_AUTOS = YES_AGGRESSIVE;
				GCC_WARN_UNUSED_FUNCTION = YES;
				GCC_WARN_UNUSED_VARIABLE = YES;
				IPHONEOS_DEPLOYMENT_TARGET = 11.4;
				MTL_ENABLE_DEBUG_INFO = YES;
				ONLY_ACTIVE_ARCH = YES;
				SDKROOT = iphoneos;
			};
			name = Debug;
		};
		01F5CBCC20F3CFE8002F627A /* Release */ = {
			isa = XCBuildConfiguration;
			buildSettings = {
				ALWAYS_SEARCH_USER_PATHS = NO;
				CLANG_ANALYZER_NONNULL = YES;
				CLANG_ANALYZER_NUMBER_OBJECT_CONVERSION = YES_AGGRESSIVE;
				CLANG_CXX_LANGUAGE_STANDARD = "gnu++14";
				CLANG_CXX_LIBRARY = "libc++";
				CLANG_ENABLE_MODULES = YES;
				CLANG_ENABLE_OBJC_ARC = YES;
				CLANG_ENABLE_OBJC_WEAK = YES;
				CLANG_WARN_BLOCK_CAPTURE_AUTORELEASING = YES;
				CLANG_WARN_BOOL_CONVERSION = YES;
				CLANG_WARN_COMMA = YES;
				CLANG_WARN_CONSTANT_CONVERSION = YES;
				CLANG_WARN_DEPRECATED_OBJC_IMPLEMENTATIONS = YES;
				CLANG_WARN_DIRECT_OBJC_ISA_USAGE = YES_ERROR;
				CLANG_WARN_DOCUMENTATION_COMMENTS = YES;
				CLANG_WARN_EMPTY_BODY = YES;
				CLANG_WARN_ENUM_CONVERSION = YES;
				CLANG_WARN_INFINITE_RECURSION = YES;
				CLANG_WARN_INT_CONVERSION = YES;
				CLANG_WARN_NON_LITERAL_NULL_CONVERSION = YES;
				CLANG_WARN_OBJC_IMPLICIT_RETAIN_SELF = YES;
				CLANG_WARN_OBJC_LITERAL_CONVERSION = YES;
				CLANG_WARN_OBJC_ROOT_CLASS = YES_ERROR;
				CLANG_WARN_RANGE_LOOP_ANALYSIS = YES;
				CLANG_WARN_STRICT_PROTOTYPES = YES;
				CLANG_WARN_SUSPICIOUS_MOVE = YES;
				CLANG_WARN_UNGUARDED_AVAILABILITY = YES_AGGRESSIVE;
				CLANG_WARN_UNREACHABLE_CODE = YES;
				CLANG_WARN__DUPLICATE_METHOD_MATCH = YES;
				CODE_SIGN_IDENTITY = "iPhone Developer";
				COPY_PHASE_STRIP = NO;
				DEBUG_INFORMATION_FORMAT = "dwarf-with-dsym";
				ENABLE_NS_ASSERTIONS = NO;
				ENABLE_STRICT_OBJC_MSGSEND = YES;
				GCC_C_LANGUAGE_STANDARD = gnu11;
				GCC_NO_COMMON_BLOCKS = YES;
				GCC_WARN_64_TO_32_BIT_CONVERSION = YES;
				GCC_WARN_ABOUT_RETURN_TYPE = YES_ERROR;
				GCC_WARN_UNDECLARED_SELECTOR = YES;
				GCC_WARN_UNINITIALIZED_AUTOS = YES_AGGRESSIVE;
				GCC_WARN_UNUSED_FUNCTION = YES;
				GCC_WARN_UNUSED_VARIABLE = YES;
				IPHONEOS_DEPLOYMENT_TARGET = 11.4;
				MTL_ENABLE_DEBUG_INFO = NO;
				SDKROOT = iphoneos;
				VALIDATE_PRODUCT = YES;
			};
			name = Release;
		};
		01F5CBCE20F3CFE8002F627A /* Debug */ = {
			isa = XCBuildConfiguration;
			baseConfigurationReference = A8645E29DE5B011B600F813D /* Pods-Parse Chat.debug.xcconfig */;
			buildSettings = {
				ASSETCATALOG_COMPILER_APPICON_NAME = AppIcon;
				CODE_SIGN_STYLE = Automatic;
				DEVELOPMENT_TEAM = QR8BU78FBL;
				INFOPLIST_FILE = "Parse Chat/Info.plist";
				LD_RUNPATH_SEARCH_PATHS = (
					"$(inherited)",
					"@executable_path/Frameworks",
				);
				PRODUCT_BUNDLE_IDENTIFIER = "com.bevin.Parse-Chat";
				PRODUCT_NAME = "$(TARGET_NAME)";
				TARGETED_DEVICE_FAMILY = "1,2";
			};
			name = Debug;
		};
		01F5CBCF20F3CFE8002F627A /* Release */ = {
			isa = XCBuildConfiguration;
			baseConfigurationReference = BD5997DC85EDE34F88A8CAEB /* Pods-Parse Chat.release.xcconfig */;
			buildSettings = {
				ASSETCATALOG_COMPILER_APPICON_NAME = AppIcon;
				CODE_SIGN_STYLE = Automatic;
				DEVELOPMENT_TEAM = QR8BU78FBL;
				INFOPLIST_FILE = "Parse Chat/Info.plist";
				LD_RUNPATH_SEARCH_PATHS = (
					"$(inherited)",
					"@executable_path/Frameworks",
				);
				PRODUCT_BUNDLE_IDENTIFIER = "com.bevin.Parse-Chat";
				PRODUCT_NAME = "$(TARGET_NAME)";
				TARGETED_DEVICE_FAMILY = "1,2";
			};
			name = Release;
		};
/* End XCBuildConfiguration section */

/* Begin XCConfigurationList section */
		01F5CBB220F3CFE8002F627A /* Build configuration list for PBXProject "Parse Chat" */ = {
			isa = XCConfigurationList;
			buildConfigurations = (
				01F5CBCB20F3CFE8002F627A /* Debug */,
				01F5CBCC20F3CFE8002F627A /* Release */,
			);
			defaultConfigurationIsVisible = 0;
			defaultConfigurationName = Release;
		};
		01F5CBCD20F3CFE8002F627A /* Build configuration list for PBXNativeTarget "Parse Chat" */ = {
			isa = XCConfigurationList;
			buildConfigurations = (
				01F5CBCE20F3CFE8002F627A /* Debug */,
				01F5CBCF20F3CFE8002F627A /* Release */,
			);
			defaultConfigurationIsVisible = 0;
			defaultConfigurationName = Release;
		};
/* End XCConfigurationList section */
	};
	rootObject = 01F5CBAF20F3CFE8002F627A /* Project object */;
}
